# This file is autogenerated, do not edit; changes may be undone by the next 'dep ensure'.


[[projects]]
  branch = "master"
  name = "github.com/mitchellh/go-homedir"
  packages = ["."]
  revision = "b8bc1bf767474819792c23f32d8286a45736f1c6"

[solve-meta]
  analyzer-name = "dep"
  analyzer-version = 1
  inputs-digest = "d8c52b9f6dad2047268d41b6f614fe8ec953f88ded51c44edfe83fd339c1f42b"
  solver-name = "gps-cdcl"
  solver-version = 1
